// !$*UTF8*$!
{
	archiveVersion = 1;
	classes = {
	};
	objectVersion = 56;
	objects = {

/* Begin PBXBuildFile section */
		F1802FAC2C9CCDCE00C3E0E0 /* WeatherAppApp.swift in Sources */ = {isa = PBXBuildFile; fileRef = F1802FAB2C9CCDCE00C3E0E0 /* WeatherAppApp.swift */; };
		F1802FAE2C9CCDCE00C3E0E0 /* ContentView.swift in Sources */ = {isa = PBXBuildFile; fileRef = F1802FAD2C9CCDCE00C3E0E0 /* ContentView.swift */; };
		F1802FB02C9CCDD000C3E0E0 /* Assets.xcassets in Resources */ = {isa = PBXBuildFile; fileRef = F1802FAF2C9CCDD000C3E0E0 /* Assets.xcassets */; };
		F1802FB32C9CCDD000C3E0E0 /* Preview Assets.xcassets in Resources */ = {isa = PBXBuildFile; fileRef = F1802FB22C9CCDD000C3E0E0 /* Preview Assets.xcassets */; };
		F1802FBD2C9CCDD000C3E0E0 /* WeatherAppTests.swift in Sources */ = {isa = PBXBuildFile; fileRef = F1802FBC2C9CCDD000C3E0E0 /* WeatherAppTests.swift */; };
		F1802FC72C9CCDD000C3E0E0 /* WeatherAppUITests.swift in Sources */ = {isa = PBXBuildFile; fileRef = F1802FC62C9CCDD000C3E0E0 /* WeatherAppUITests.swift */; };
		F1802FC92C9CCDD000C3E0E0 /* WeatherAppUITestsLaunchTests.swift in Sources */ = {isa = PBXBuildFile; fileRef = F1802FC82C9CCDD000C3E0E0 /* WeatherAppUITestsLaunchTests.swift */; };
		F1802FD72C9CE04700C3E0E0 /* WeatherViewModel.swift in Sources */ = {isa = PBXBuildFile; fileRef = F1802FD62C9CE04700C3E0E0 /* WeatherViewModel.swift */; };
		F1802FD92C9CE07D00C3E0E0 /* WeatherService.swift in Sources */ = {isa = PBXBuildFile; fileRef = F1802FD82C9CE07D00C3E0E0 /* WeatherService.swift */; };
		F1802FDB2C9CE0C400C3E0E0 /* WaetherModel.swift in Sources */ = {isa = PBXBuildFile; fileRef = F1802FDA2C9CE0C400C3E0E0 /* WaetherModel.swift */; };
		F1802FDD2CA47D3100C3E0E0 /* Cordinator.swift in Sources */ = {isa = PBXBuildFile; fileRef = F1802FDC2CA47D3100C3E0E0 /* Cordinator.swift */; };
		F1802FE02CA47D9C00C3E0E0 /* WeatherCordinator.swift in Sources */ = {isa = PBXBuildFile; fileRef = F1802FDF2CA47D9C00C3E0E0 /* WeatherCordinator.swift */; };
		F1802FE32CA47E5200C3E0E0 /* WeatherView.swift in Sources */ = {isa = PBXBuildFile; fileRef = F1802FE22CA47E5200C3E0E0 /* WeatherView.swift */; };
/* End PBXBuildFile section */

/* Begin PBXContainerItemProxy section */
		F1802FB92C9CCDD000C3E0E0 /* PBXContainerItemProxy */ = {
			isa = PBXContainerItemProxy;
			containerPortal = F1802FA02C9CCDCE00C3E0E0 /* Project object */;
			proxyType = 1;
			remoteGlobalIDString = F1802FA72C9CCDCE00C3E0E0;
			remoteInfo = WeatherApp;
		};
		F1802FC32C9CCDD000C3E0E0 /* PBXContainerItemProxy */ = {
			isa = PBXContainerItemProxy;
			containerPortal = F1802FA02C9CCDCE00C3E0E0 /* Project object */;
			proxyType = 1;
			remoteGlobalIDString = F1802FA72C9CCDCE00C3E0E0;
			remoteInfo = WeatherApp;
		};
/* End PBXContainerItemProxy section */

/* Begin PBXFileReference section */
		F1802FA82C9CCDCE00C3E0E0 /* WeatherApp.app */ = {isa = PBXFileReference; explicitFileType = wrapper.application; includeInIndex = 0; path = WeatherApp.app; sourceTree = BUILT_PRODUCTS_DIR; };
		F1802FAB2C9CCDCE00C3E0E0 /* WeatherAppApp.swift */ = {isa = PBXFileReference; lastKnownFileType = sourcecode.swift; path = WeatherAppApp.swift; sourceTree = "<group>"; };
		F1802FAD2C9CCDCE00C3E0E0 /* ContentView.swift */ = {isa = PBXFileReference; lastKnownFileType = sourcecode.swift; path = ContentView.swift; sourceTree = "<group>"; };
		F1802FAF2C9CCDD000C3E0E0 /* Assets.xcassets */ = {isa = PBXFileReference; lastKnownFileType = folder.assetcatalog; path = Assets.xcassets; sourceTree = "<group>"; };
		F1802FB22C9CCDD000C3E0E0 /* Preview Assets.xcassets */ = {isa = PBXFileReference; lastKnownFileType = folder.assetcatalog; path = "Preview Assets.xcassets"; sourceTree = "<group>"; };
		F1802FB82C9CCDD000C3E0E0 /* WeatherAppTests.xctest */ = {isa = PBXFileReference; explicitFileType = wrapper.cfbundle; includeInIndex = 0; path = WeatherAppTests.xctest; sourceTree = BUILT_PRODUCTS_DIR; };
		F1802FBC2C9CCDD000C3E0E0 /* WeatherAppTests.swift */ = {isa = PBXFileReference; lastKnownFileType = sourcecode.swift; path = WeatherAppTests.swift; sourceTree = "<group>"; };
		F1802FC22C9CCDD000C3E0E0 /* WeatherAppUITests.xctest */ = {isa = PBXFileReference; explicitFileType = wrapper.cfbundle; includeInIndex = 0; path = WeatherAppUITests.xctest; sourceTree = BUILT_PRODUCTS_DIR; };
		F1802FC62C9CCDD000C3E0E0 /* WeatherAppUITests.swift */ = {isa = PBXFileReference; lastKnownFileType = sourcecode.swift; path = WeatherAppUITests.swift; sourceTree = "<group>"; };
		F1802FC82C9CCDD000C3E0E0 /* WeatherAppUITestsLaunchTests.swift */ = {isa = PBXFileReference; lastKnownFileType = sourcecode.swift; path = WeatherAppUITestsLaunchTests.swift; sourceTree = "<group>"; };
		F1802FD52C9CD74A00C3E0E0 /* Info.plist */ = {isa = PBXFileReference; lastKnownFileType = text.plist; path = Info.plist; sourceTree = "<group>"; };
		F1802FD62C9CE04700C3E0E0 /* WeatherViewModel.swift */ = {isa = PBXFileReference; lastKnownFileType = sourcecode.swift; path = WeatherViewModel.swift; sourceTree = "<group>"; };
		F1802FD82C9CE07D00C3E0E0 /* WeatherService.swift */ = {isa = PBXFileReference; lastKnownFileType = sourcecode.swift; path = WeatherService.swift; sourceTree = "<group>"; };
		F1802FDA2C9CE0C400C3E0E0 /* WaetherModel.swift */ = {isa = PBXFileReference; lastKnownFileType = sourcecode.swift; path = WaetherModel.swift; sourceTree = "<group>"; };
		F1802FDC2CA47D3100C3E0E0 /* Cordinator.swift */ = {isa = PBXFileReference; lastKnownFileType = sourcecode.swift; path = Cordinator.swift; sourceTree = "<group>"; };
		F1802FDF2CA47D9C00C3E0E0 /* WeatherCordinator.swift */ = {isa = PBXFileReference; lastKnownFileType = sourcecode.swift; path = WeatherCordinator.swift; sourceTree = "<group>"; };
		F1802FE22CA47E5200C3E0E0 /* WeatherView.swift */ = {isa = PBXFileReference; lastKnownFileType = sourcecode.swift; path = WeatherView.swift; sourceTree = "<group>"; };
/* End PBXFileReference section */

/* Begin PBXFrameworksBuildPhase section */
		F1802FA52C9CCDCE00C3E0E0 /* Frameworks */ = {
			isa = PBXFrameworksBuildPhase;
			buildActionMask = 2147483647;
			files = (
			);
			runOnlyForDeploymentPostprocessing = 0;
		};
		F1802FB52C9CCDD000C3E0E0 /* Frameworks */ = {
			isa = PBXFrameworksBuildPhase;
			buildActionMask = 2147483647;
			files = (
			);
			runOnlyForDeploymentPostprocessing = 0;
		};
		F1802FBF2C9CCDD000C3E0E0 /* Frameworks */ = {
			isa = PBXFrameworksBuildPhase;
			buildActionMask = 2147483647;
			files = (
			);
			runOnlyForDeploymentPostprocessing = 0;
		};
/* End PBXFrameworksBuildPhase section */

/* Begin PBXGroup section */
		F1802F9F2C9CCDCE00C3E0E0 = {
			isa = PBXGroup;
			children = (
				F1802FAA2C9CCDCE00C3E0E0 /* WeatherApp */,
				F1802FBB2C9CCDD000C3E0E0 /* WeatherAppTests */,
				F1802FC52C9CCDD000C3E0E0 /* WeatherAppUITests */,
				F1802FA92C9CCDCE00C3E0E0 /* Products */,
			);
			sourceTree = "<group>";
		};
		F1802FA92C9CCDCE00C3E0E0 /* Products */ = {
			isa = PBXGroup;
			children = (
				F1802FA82C9CCDCE00C3E0E0 /* WeatherApp.app */,
				F1802FB82C9CCDD000C3E0E0 /* WeatherAppTests.xctest */,
				F1802FC22C9CCDD000C3E0E0 /* WeatherAppUITests.xctest */,
			);
			name = Products;
			sourceTree = "<group>";
		};
		F1802FAA2C9CCDCE00C3E0E0 /* WeatherApp */ = {
			isa = PBXGroup;
			children = (
				F1802FE52CA480A800C3E0E0 /* ViewModel */,
				F1802FE42CA4808700C3E0E0 /* Model */,
				F1802FE12CA47E4100C3E0E0 /* Views */,
				F1802FDE2CA47D7C00C3E0E0 /* Cordinator */,
				F1802FD52C9CD74A00C3E0E0 /* Info.plist */,
				F1802FAB2C9CCDCE00C3E0E0 /* WeatherAppApp.swift */,
				F1802FAD2C9CCDCE00C3E0E0 /* ContentView.swift */,
				F1802FAF2C9CCDD000C3E0E0 /* Assets.xcassets */,
				F1802FB12C9CCDD000C3E0E0 /* Preview Content */,
			);
			path = WeatherApp;
			sourceTree = "<group>";
		};
		F1802FB12C9CCDD000C3E0E0 /* Preview Content */ = {
			isa = PBXGroup;
			children = (
				F1802FB22C9CCDD000C3E0E0 /* Preview Assets.xcassets */,
			);
			path = "Preview Content";
			sourceTree = "<group>";
		};
		F1802FBB2C9CCDD000C3E0E0 /* WeatherAppTests */ = {
			isa = PBXGroup;
			children = (
				F1802FBC2C9CCDD000C3E0E0 /* WeatherAppTests.swift */,
			);
			path = WeatherAppTests;
			sourceTree = "<group>";
		};
		F1802FC52C9CCDD000C3E0E0 /* WeatherAppUITests */ = {
			isa = PBXGroup;
			children = (
				F1802FC62C9CCDD000C3E0E0 /* WeatherAppUITests.swift */,
				F1802FC82C9CCDD000C3E0E0 /* WeatherAppUITestsLaunchTests.swift */,
			);
			path = WeatherAppUITests;
			sourceTree = "<group>";
		};
		F1802FDE2CA47D7C00C3E0E0 /* Cordinator */ = {
			isa = PBXGroup;
			children = (
				F1802FDC2CA47D3100C3E0E0 /* Cordinator.swift */,
				F1802FDF2CA47D9C00C3E0E0 /* WeatherCordinator.swift */,
			);
			path = Cordinator;
			sourceTree = "<group>";
		};
		F1802FE12CA47E4100C3E0E0 /* Views */ = {
			isa = PBXGroup;
			children = (
				F1802FE22CA47E5200C3E0E0 /* WeatherView.swift */,
			);
			path = Views;
			sourceTree = "<group>";
		};
		F1802FE42CA4808700C3E0E0 /* Model */ = {
			isa = PBXGroup;
			children = (
				F1802FDA2C9CE0C400C3E0E0 /* WaetherModel.swift */,
				F1802FD82C9CE07D00C3E0E0 /* WeatherService.swift */,
			);
			path = Model;
			sourceTree = "<group>";
		};
		F1802FE52CA480A800C3E0E0 /* ViewModel */ = {
			isa = PBXGroup;
			children = (
				F1802FD62C9CE04700C3E0E0 /* WeatherViewModel.swift */,
			);
			path = ViewModel;
			sourceTree = "<group>";
		};
/* End PBXGroup section */

/* Begin PBXNativeTarget section */
		F1802FA72C9CCDCE00C3E0E0 /* WeatherApp */ = {
			isa = PBXNativeTarget;
			buildConfigurationList = F1802FCC2C9CCDD000C3E0E0 /* Build configuration list for PBXNativeTarget "WeatherApp" */;
			buildPhases = (
				F1802FA42C9CCDCE00C3E0E0 /* Sources */,
				F1802FA52C9CCDCE00C3E0E0 /* Frameworks */,
				F1802FA62C9CCDCE00C3E0E0 /* Resources */,
			);
			buildRules = (
			);
			dependencies = (
			);
			name = WeatherApp;
			productName = WeatherApp;
			productReference = F1802FA82C9CCDCE00C3E0E0 /* WeatherApp.app */;
			productType = "com.apple.product-type.application";
		};
		F1802FB72C9CCDD000C3E0E0 /* WeatherAppTests */ = {
			isa = PBXNativeTarget;
			buildConfigurationList = F1802FCF2C9CCDD000C3E0E0 /* Build configuration list for PBXNativeTarget "WeatherAppTests" */;
			buildPhases = (
				F1802FB42C9CCDD000C3E0E0 /* Sources */,
				F1802FB52C9CCDD000C3E0E0 /* Frameworks */,
				F1802FB62C9CCDD000C3E0E0 /* Resources */,
			);
			buildRules = (
			);
			dependencies = (
				F1802FBA2C9CCDD000C3E0E0 /* PBXTargetDependency */,
			);
			name = WeatherAppTests;
			productName = WeatherAppTests;
			productReference = F1802FB82C9CCDD000C3E0E0 /* WeatherAppTests.xctest */;
			productType = "com.apple.product-type.bundle.unit-test";
		};
		F1802FC12C9CCDD000C3E0E0 /* WeatherAppUITests */ = {
			isa = PBXNativeTarget;
			buildConfigurationList = F1802FD22C9CCDD000C3E0E0 /* Build configuration list for PBXNativeTarget "WeatherAppUITests" */;
			buildPhases = (
				F1802FBE2C9CCDD000C3E0E0 /* Sources */,
				F1802FBF2C9CCDD000C3E0E0 /* Frameworks */,
				F1802FC02C9CCDD000C3E0E0 /* Resources */,
			);
			buildRules = (
			);
			dependencies = (
				F1802FC42C9CCDD000C3E0E0 /* PBXTargetDependency */,
			);
			name = WeatherAppUITests;
			productName = WeatherAppUITests;
			productReference = F1802FC22C9CCDD000C3E0E0 /* WeatherAppUITests.xctest */;
			productType = "com.apple.product-type.bundle.ui-testing";
		};
/* End PBXNativeTarget section */

/* Begin PBXProject section */
		F1802FA02C9CCDCE00C3E0E0 /* Project object */ = {
			isa = PBXProject;
			attributes = {
				BuildIndependentTargetsInParallel = 1;
				LastSwiftUpdateCheck = 1430;
				LastUpgradeCheck = 1430;
				TargetAttributes = {
					F1802FA72C9CCDCE00C3E0E0 = {
						CreatedOnToolsVersion = 14.3.1;
					};
					F1802FB72C9CCDD000C3E0E0 = {
						CreatedOnToolsVersion = 14.3.1;
						TestTargetID = F1802FA72C9CCDCE00C3E0E0;
					};
					F1802FC12C9CCDD000C3E0E0 = {
						CreatedOnToolsVersion = 14.3.1;
						TestTargetID = F1802FA72C9CCDCE00C3E0E0;
					};
				};
			};
			buildConfigurationList = F1802FA32C9CCDCE00C3E0E0 /* Build configuration list for PBXProject "WeatherApp" */;
			compatibilityVersion = "Xcode 14.0";
			developmentRegion = en;
			hasScannedForEncodings = 0;
			knownRegions = (
				en,
				Base,
			);
			mainGroup = F1802F9F2C9CCDCE00C3E0E0;
			productRefGroup = F1802FA92C9CCDCE00C3E0E0 /* Products */;
			projectDirPath = "";
			projectRoot = "";
			targets = (
				F1802FA72C9CCDCE00C3E0E0 /* WeatherApp */,
				F1802FB72C9CCDD000C3E0E0 /* WeatherAppTests */,
				F1802FC12C9CCDD000C3E0E0 /* WeatherAppUITests */,
			);
		};
/* End PBXProject section */

/* Begin PBXResourcesBuildPhase section */
		F1802FA62C9CCDCE00C3E0E0 /* Resources */ = {
			isa = PBXResourcesBuildPhase;
			buildActionMask = 2147483647;
			files = (
				F1802FB32C9CCDD000C3E0E0 /* Preview Assets.xcassets in Resources */,
				F1802FB02C9CCDD000C3E0E0 /* Assets.xcassets in Resources */,
			);
			runOnlyForDeploymentPostprocessing = 0;
		};
		F1802FB62C9CCDD000C3E0E0 /* Resources */ = {
			isa = PBXResourcesBuildPhase;
			buildActionMask = 2147483647;
			files = (
			);
			runOnlyForDeploymentPostprocessing = 0;
		};
		F1802FC02C9CCDD000C3E0E0 /* Resources */ = {
			isa = PBXResourcesBuildPhase;
			buildActionMask = 2147483647;
			files = (
			);
			runOnlyForDeploymentPostprocessing = 0;
		};
/* End PBXResourcesBuildPhase section */

/* Begin PBXSourcesBuildPhase section */
		F1802FA42C9CCDCE00C3E0E0 /* Sources */ = {
			isa = PBXSourcesBuildPhase;
			buildActionMask = 2147483647;
			files = (
				F1802FDD2CA47D3100C3E0E0 /* Cordinator.swift in Sources */,
				F1802FDB2C9CE0C400C3E0E0 /* WaetherModel.swift in Sources */,
				F1802FD92C9CE07D00C3E0E0 /* WeatherService.swift in Sources */,
				F1802FAE2C9CCDCE00C3E0E0 /* ContentView.swift in Sources */,
				F1802FD72C9CE04700C3E0E0 /* WeatherViewModel.swift in Sources */,
				F1802FE02CA47D9C00C3E0E0 /* WeatherCordinator.swift in Sources */,
				F1802FAC2C9CCDCE00C3E0E0 /* WeatherAppApp.swift in Sources */,
				F1802FE32CA47E5200C3E0E0 /* WeatherView.swift in Sources */,
			);
			runOnlyForDeploymentPostprocessing = 0;
		};
		F1802FB42C9CCDD000C3E0E0 /* Sources */ = {
			isa = PBXSourcesBuildPhase;
			buildActionMask = 2147483647;
			files = (
				F1802FBD2C9CCDD000C3E0E0 /* WeatherAppTests.swift in Sources */,
			);
			runOnlyForDeploymentPostprocessing = 0;
		};
		F1802FBE2C9CCDD000C3E0E0 /* Sources */ = {
			isa = PBXSourcesBuildPhase;
			buildActionMask = 2147483647;
			files = (
				F1802FC72C9CCDD000C3E0E0 /* WeatherAppUITests.swift in Sources */,
				F1802FC92C9CCDD000C3E0E0 /* WeatherAppUITestsLaunchTests.swift in Sources */,
			);
			runOnlyForDeploymentPostprocessing = 0;
		};
/* End PBXSourcesBuildPhase section */

/* Begin PBXTargetDependency section */
		F1802FBA2C9CCDD000C3E0E0 /* PBXTargetDependency */ = {
			isa = PBXTargetDependency;
			target = F1802FA72C9CCDCE00C3E0E0 /* WeatherApp */;
			targetProxy = F1802FB92C9CCDD000C3E0E0 /* PBXContainerItemProxy */;
		};
		F1802FC42C9CCDD000C3E0E0 /* PBXTargetDependency */ = {
			isa = PBXTargetDependency;
			target = F1802FA72C9CCDCE00C3E0E0 /* WeatherApp */;
			targetProxy = F1802FC32C9CCDD000C3E0E0 /* PBXContainerItemProxy */;
		};
/* End PBXTargetDependency section */

/* Begin XCBuildConfiguration section */
		F1802FCA2C9CCDD000C3E0E0 /* Debug */ = {
			isa = XCBuildConfiguration;
			buildSettings = {
				ALWAYS_SEARCH_USER_PATHS = NO;
				CLANG_ANALYZER_NONNULL = YES;
				CLANG_ANALYZER_NUMBER_OBJECT_CONVERSION = YES_AGGRESSIVE;
				CLANG_CXX_LANGUAGE_STANDARD = "gnu++20";
				CLANG_ENABLE_MODULES = YES;
				CLANG_ENABLE_OBJC_ARC = YES;
				CLANG_ENABLE_OBJC_WEAK = YES;
				CLANG_WARN_BLOCK_CAPTURE_AUTORELEASING = YES;
				CLANG_WARN_BOOL_CONVERSION = YES;
				CLANG_WARN_COMMA = YES;
				CLANG_WARN_CONSTANT_CONVERSION = YES;
				CLANG_WARN_DEPRECATED_OBJC_IMPLEMENTATIONS = YES;
				CLANG_WARN_DIRECT_OBJC_ISA_USAGE = YES_ERROR;
				CLANG_WARN_DOCUMENTATION_COMMENTS = YES;
				CLANG_WARN_EMPTY_BODY = YES;
				CLANG_WARN_ENUM_CONVERSION = YES;
				CLANG_WARN_INFINITE_RECURSION = YES;
				CLANG_WARN_INT_CONVERSION = YES;
				CLANG_WARN_NON_LITERAL_NULL_CONVERSION = YES;
				CLANG_WARN_OBJC_IMPLICIT_RETAIN_SELF = YES;
				CLANG_WARN_OBJC_LITERAL_CONVERSION = YES;
				CLANG_WARN_OBJC_ROOT_CLASS = YES_ERROR;
				CLANG_WARN_QUOTED_INCLUDE_IN_FRAMEWORK_HEADER = YES;
				CLANG_WARN_RANGE_LOOP_ANALYSIS = YES;
				CLANG_WARN_STRICT_PROTOTYPES = YES;
				CLANG_WARN_SUSPICIOUS_MOVE = YES;
				CLANG_WARN_UNGUARDED_AVAILABILITY = YES_AGGRESSIVE;
				CLANG_WARN_UNREACHABLE_CODE = YES;
				CLANG_WARN__DUPLICATE_METHOD_MATCH = YES;
				COPY_PHASE_STRIP = NO;
				DEBUG_INFORMATION_FORMAT = dwarf;
				ENABLE_STRICT_OBJC_MSGSEND = YES;
				ENABLE_TESTABILITY = YES;
				GCC_C_LANGUAGE_STANDARD = gnu11;
				GCC_DYNAMIC_NO_PIC = NO;
				GCC_NO_COMMON_BLOCKS = YES;
				GCC_OPTIMIZATION_LEVEL = 0;
				GCC_PREPROCESSOR_DEFINITIONS = (
					"DEBUG=1",
					"$(inherited)",
				);
				GCC_WARN_64_TO_32_BIT_CONVERSION = YES;
				GCC_WARN_ABOUT_RETURN_TYPE = YES_ERROR;
				GCC_WARN_UNDECLARED_SELECTOR = YES;
				GCC_WARN_UNINITIALIZED_AUTOS = YES_AGGRESSIVE;
				GCC_WARN_UNUSED_FUNCTION = YES;
				GCC_WARN_UNUSED_VARIABLE = YES;
				IPHONEOS_DEPLOYMENT_TARGET = 16.4;
				MTL_ENABLE_DEBUG_INFO = INCLUDE_SOURCE;
				MTL_FAST_MATH = YES;
				ONLY_ACTIVE_ARCH = YES;
				SDKROOT = iphoneos;
				SWIFT_ACTIVE_COMPILATION_CONDITIONS = DEBUG;
				SWIFT_OPTIMIZATION_LEVEL = "-Onone";
			};
			name = Debug;
		};
		F1802FCB2C9CCDD000C3E0E0 /* Release */ = {
			isa = XCBuildConfiguration;
			buildSettings = {
				ALWAYS_SEARCH_USER_PATHS = NO;
				CLANG_ANALYZER_NONNULL = YES;
				CLANG_ANALYZER_NUMBER_OBJECT_CONVERSION = YES_AGGRESSIVE;
				CLANG_CXX_LANGUAGE_STANDARD = "gnu++20";
				CLANG_ENABLE_MODULES = YES;
				CLANG_ENABLE_OBJC_ARC = YES;
				CLANG_ENABLE_OBJC_WEAK = YES;
				CLANG_WARN_BLOCK_CAPTURE_AUTORELEASING = YES;
				CLANG_WARN_BOOL_CONVERSION = YES;
				CLANG_WARN_COMMA = YES;
				CLANG_WARN_CONSTANT_CONVERSION = YES;
				CLANG_WARN_DEPRECATED_OBJC_IMPLEMENTATIONS = YES;
				CLANG_WARN_DIRECT_OBJC_ISA_USAGE = YES_ERROR;
				CLANG_WARN_DOCUMENTATION_COMMENTS = YES;
				CLANG_WARN_EMPTY_BODY = YES;
				CLANG_WARN_ENUM_CONVERSION = YES;
				CLANG_WARN_INFINITE_RECURSION = YES;
				CLANG_WARN_INT_CONVERSION = YES;
				CLANG_WARN_NON_LITERAL_NULL_CONVERSION = YES;
				CLANG_WARN_OBJC_IMPLICIT_RETAIN_SELF = YES;
				CLANG_WARN_OBJC_LITERAL_CONVERSION = YES;
				CLANG_WARN_OBJC_ROOT_CLASS = YES_ERROR;
				CLANG_WARN_QUOTED_INCLUDE_IN_FRAMEWORK_HEADER = YES;
				CLANG_WARN_RANGE_LOOP_ANALYSIS = YES;
				CLANG_WARN_STRICT_PROTOTYPES = YES;
				CLANG_WARN_SUSPICIOUS_MOVE = YES;
				CLANG_WARN_UNGUARDED_AVAILABILITY = YES_AGGRESSIVE;
				CLANG_WARN_UNREACHABLE_CODE = YES;
				CLANG_WARN__DUPLICATE_METHOD_MATCH = YES;
				COPY_PHASE_STRIP = NO;
				DEBUG_INFORMATION_FORMAT = "dwarf-with-dsym";
				ENABLE_NS_ASSERTIONS = NO;
				ENABLE_STRICT_OBJC_MSGSEND = YES;
				GCC_C_LANGUAGE_STANDARD = gnu11;
				GCC_NO_COMMON_BLOCKS = YES;
				GCC_WARN_64_TO_32_BIT_CONVERSION = YES;
				GCC_WARN_ABOUT_RETURN_TYPE = YES_ERROR;
				GCC_WARN_UNDECLARED_SELECTOR = YES;
				GCC_WARN_UNINITIALIZED_AUTOS = YES_AGGRESSIVE;
				GCC_WARN_UNUSED_FUNCTION = YES;
				GCC_WARN_UNUSED_VARIABLE = YES;
				IPHONEOS_DEPLOYMENT_TARGET = 16.4;
				MTL_ENABLE_DEBUG_INFO = NO;
				MTL_FAST_MATH = YES;
				SDKROOT = iphoneos;
				SWIFT_COMPILATION_MODE = wholemodule;
				SWIFT_OPTIMIZATION_LEVEL = "-O";
				VALIDATE_PRODUCT = YES;
			};
			name = Release;
		};
		F1802FCD2C9CCDD000C3E0E0 /* Debug */ = {
			isa = XCBuildConfiguration;
			buildSettings = {
				ASSETCATALOG_COMPILER_APPICON_NAME = AppIcon;
				ASSETCATALOG_COMPILER_GLOBAL_ACCENT_COLOR_NAME = AccentColor;
				CODE_SIGN_STYLE = Automatic;
				CURRENT_PROJECT_VERSION = 1;
				DEVELOPMENT_ASSET_PATHS = "\"WeatherApp/Preview Content\"";
				ENABLE_PREVIEWS = YES;
				GENERATE_INFOPLIST_FILE = YES;
				INFOPLIST_FILE = WeatherApp/Info.plist;
				INFOPLIST_KEY_UIApplicationSceneManifest_Generation = YES;
				INFOPLIST_KEY_UIApplicationSupportsIndirectInputEvents = YES;
				INFOPLIST_KEY_UILaunchScreen_Generation = YES;
				INFOPLIST_KEY_UISupportedInterfaceOrientations_iPad = "UIInterfaceOrientationPortrait UIInterfaceOrientationPortraitUpsideDown UIInterfaceOrientationLandscapeLeft UIInterfaceOrientationLandscapeRight";
				INFOPLIST_KEY_UISupportedInterfaceOrientations_iPhone = "UIInterfaceOrientationPortrait UIInterfaceOrientationLandscapeLeft UIInterfaceOrientationLandscapeRight";
				LD_RUNPATH_SEARCH_PATHS = (
					"$(inherited)",
					"@executable_path/Frameworks",
				);
				MARKETING_VERSION = 1.0;
				PRODUCT_BUNDLE_IDENTIFIER = weather.WeatherApp;
				PRODUCT_NAME = "$(TARGET_NAME)";
				SWIFT_EMIT_LOC_STRINGS = YES;
				SWIFT_VERSION = 5.0;
				TARGETED_DEVICE_FAMILY = "1,2";
			};
			name = Debug;
		};
		F1802FCE2C9CCDD000C3E0E0 /* Release */ = {
			isa = XCBuildConfiguration;
			buildSettings = {
				ASSETCATALOG_COMPILER_APPICON_NAME = AppIcon;
				ASSETCATALOG_COMPILER_GLOBAL_ACCENT_COLOR_NAME = AccentColor;
				CODE_SIGN_STYLE = Automatic;
				CURRENT_PROJECT_VERSION = 1;
				DEVELOPMENT_ASSET_PATHS = "\"WeatherApp/Preview Content\"";
				ENABLE_PREVIEWS = YES;
				GENERATE_INFOPLIST_FILE = YES;
				INFOPLIST_FILE = WeatherApp/Info.plist;
				INFOPLIST_KEY_UIApplicationSceneManifest_Generation = YES;
				INFOPLIST_KEY_UIApplicationSupportsIndirectInputEvents = YES;
				INFOPLIST_KEY_UILaunchScreen_Generation = YES;
				INFOPLIST_KEY_UISupportedInterfaceOrientations_iPad = "UIInterfaceOrientationPortrait UIInterfaceOrientationPortraitUpsideDown UIInterfaceOrientationLandscapeLeft UIInterfaceOrientationLandscapeRight";
				INFOPLIST_KEY_UISupportedInterfaceOrientations_iPhone = "UIInterfaceOrientationPortrait UIInterfaceOrientationLandscapeLeft UIInterfaceOrientationLandscapeRight";
				LD_RUNPATH_SEARCH_PATHS = (
					"$(inherited)",
					"@executable_path/Frameworks",
				);
				MARKETING_VERSION = 1.0;
				PRODUCT_BUNDLE_IDENTIFIER = weather.WeatherApp;
				PRODUCT_NAME = "$(TARGET_NAME)";
				SWIFT_EMIT_LOC_STRINGS = YES;
				SWIFT_VERSION = 5.0;
				TARGETED_DEVICE_FAMILY = "1,2";
			};
			name = Release;
		};
		F1802FD02C9CCDD000C3E0E0 /* Debug */ = {
			isa = XCBuildConfiguration;
			buildSettings = {
				ALWAYS_EMBED_SWIFT_STANDARD_LIBRARIES = YES;
				BUNDLE_LOADER = "$(TEST_HOST)";
				CODE_SIGN_STYLE = Automatic;
				CURRENT_PROJECT_VERSION = 1;
				GENERATE_INFOPLIST_FILE = YES;
				IPHONEOS_DEPLOYMENT_TARGET = 16.4;
				MARKETING_VERSION = 1.0;
				PRODUCT_BUNDLE_IDENTIFIER = weather.WeatherAppTests;
				PRODUCT_NAME = "$(TARGET_NAME)";
				SWIFT_EMIT_LOC_STRINGS = NO;
				SWIFT_VERSION = 5.0;
				TARGETED_DEVICE_FAMILY = "1,2";
				TEST_HOST = "$(BUILT_PRODUCTS_DIR)/WeatherApp.app/$(BUNDLE_EXECUTABLE_FOLDER_PATH)/WeatherApp";
			};
			name = Debug;
		};
		F1802FD12C9CCDD000C3E0E0 /* Release */ = {
			isa = XCBuildConfiguration;
			buildSettings = {
				ALWAYS_EMBED_SWIFT_STANDARD_LIBRARIES = YES;
				BUNDLE_LOADER = "$(TEST_HOST)";
				CODE_SIGN_STYLE = Automatic;
				CURRENT_PROJECT_VERSION = 1;
				GENERATE_INFOPLIST_FILE = YES;
				IPHONEOS_DEPLOYMENT_TARGET = 16.4;
				MARKETING_VERSION = 1.0;
				PRODUCT_BUNDLE_IDENTIFIER = weather.WeatherAppTests;
				PRODUCT_NAME = "$(TARGET_NAME)";
				SWIFT_EMIT_LOC_STRINGS = NO;
				SWIFT_VERSION = 5.0;
				TARGETED_DEVICE_FAMILY = "1,2";
				TEST_HOST = "$(BUILT_PRODUCTS_DIR)/WeatherApp.app/$(BUNDLE_EXECUTABLE_FOLDER_PATH)/WeatherApp";
			};
			name = Release;
		};
		F1802FD32C9CCDD000C3E0E0 /* Debug */ = {
			isa = XCBuildConfiguration;
			buildSettings = {
				ALWAYS_EMBED_SWIFT_STANDARD_LIBRARIES = YES;
				CODE_SIGN_STYLE = Automatic;
				CURRENT_PROJECT_VERSION = 1;
				GENERATE_INFOPLIST_FILE = YES;
				MARKETING_VERSION = 1.0;
				PRODUCT_BUNDLE_IDENTIFIER = weather.WeatherAppUITests;
				PRODUCT_NAME = "$(TARGET_NAME)";
				SWIFT_EMIT_LOC_STRINGS = NO;
				SWIFT_VERSION = 5.0;
				TARGETED_DEVICE_FAMILY = "1,2";
				TEST_TARGET_NAME = WeatherApp;
			};
			name = Debug;
		};
		F1802FD42C9CCDD000C3E0E0 /* Release */ = {
			isa = XCBuildConfiguration;
			buildSettings = {
				ALWAYS_EMBED_SWIFT_STANDARD_LIBRARIES = YES;
				CODE_SIGN_STYLE = Automatic;
				CURRENT_PROJECT_VERSION = 1;
				GENERATE_INFOPLIST_FILE = YES;
				MARKETING_VERSION = 1.0;
				PRODUCT_BUNDLE_IDENTIFIER = weather.WeatherAppUITests;
				PRODUCT_NAME = "$(TARGET_NAME)";
				SWIFT_EMIT_LOC_STRINGS = NO;
				SWIFT_VERSION = 5.0;
				TARGETED_DEVICE_FAMILY = "1,2";
				TEST_TARGET_NAME = WeatherApp;
			};
			name = Release;
		};
/* End XCBuildConfiguration section */

/* Begin XCConfigurationList section */
		F1802FA32C9CCDCE00C3E0E0 /* Build configuration list for PBXProject "WeatherApp" */ = {
			isa = XCConfigurationList;
			buildConfigurations = (
				F1802FCA2C9CCDD000C3E0E0 /* Debug */,
				F1802FCB2C9CCDD000C3E0E0 /* Release */,
			);
			defaultConfigurationIsVisible = 0;
			defaultConfigurationName = Release;
		};
		F1802FCC2C9CCDD000C3E0E0 /* Build configuration list for PBXNativeTarget "WeatherApp" */ = {
			isa = XCConfigurationList;
			buildConfigurations = (
				F1802FCD2C9CCDD000C3E0E0 /* Debug */,
				F1802FCE2C9CCDD000C3E0E0 /* Release */,
			);
			defaultConfigurationIsVisible = 0;
			defaultConfigurationName = Release;
		};
		F1802FCF2C9CCDD000C3E0E0 /* Build configuration list for PBXNativeTarget "WeatherAppTests" */ = {
			isa = XCConfigurationList;
			buildConfigurations = (
				F1802FD02C9CCDD000C3E0E0 /* Debug */,
				F1802FD12C9CCDD000C3E0E0 /* Release */,
			);
			defaultConfigurationIsVisible = 0;
			defaultConfigurationName = Release;
		};
		F1802FD22C9CCDD000C3E0E0 /* Build configuration list for PBXNativeTarget "WeatherAppUITests" */ = {
			isa = XCConfigurationList;
			buildConfigurations = (
				F1802FD32C9CCDD000C3E0E0 /* Debug */,
				F1802FD42C9CCDD000C3E0E0 /* Release */,
			);
			defaultConfigurationIsVisible = 0;
			defaultConfigurationName = Release;
		};
/* End XCConfigurationList section */
	};
	rootObject = F1802FA02C9CCDCE00C3E0E0 /* Project object */;
}
